
Microsoft Visual Studio Solution File, Format Version 12.00
# Visual Studio Version 16
VisualStudioVersion = 16.0.31321.278
MinimumVisualStudioVersion = 10.0.40219.1
Project("{FAE04EC0-301F-11D3-BF4B-00C04F79EFBC}") = "Dama_4ITB", "Dama_4ITB\Dama_4ITB.csproj", "{0B469313-50CA-4DAE-B1FA-52142B946F7F}"
EndProject
Global
	GlobalSection(SolutionConfigurationPlatforms) = preSolution
		Debug|Any CPU = Debug|Any CPU
		Release|Any CPU = Release|Any CPU
	EndGlobalSection
	GlobalSection(ProjectConfigurationPlatforms) = postSolution
		{0B469313-50CA-4DAE-B1FA-52142B946F7F}.Debug|Any CPU.ActiveCfg = Debug|Any CPU
		{0B469313-50CA-4DAE-B1FA-52142B946F7F}.Debug|Any CPU.Build.0 = Debug|Any CPU
		{0B469313-50CA-4DAE-B1FA-52142B946F7F}.Release|Any CPU.ActiveCfg = Release|Any CPU
		{0B469313-50CA-4DAE-B1FA-52142B946F7F}.Release|Any CPU.Build.0 = Release|Any CPU
	EndGlobalSection
	GlobalSection(SolutionProperties) = preSolution
		HideSolutionNode = FALSE
	EndGlobalSection
	GlobalSection(ExtensibilityGlobals) = postSolution
		SolutionGuid = {D83B423F-0130-4D5A-803D-9F57ABC0F00F}
	EndGlobalSection
EndGlobal
